
Microsoft Visual Studio Solution File, Format Version 12.00
# Visual Studio Version 17
VisualStudioVersion = 17.2.32616.157
MinimumVisualStudioVersion = 10.0.40219.1
Project("{9A19103F-16F7-4668-BE54-9A1E7A4F7556}") = "Client", "Client\Client.csproj", "{16C04634-7E3D-459A-97E6-4149526E4765}"
EndProject
Project("{9A19103F-16F7-4668-BE54-9A1E7A4F7556}") = "CommandNetLib", "..\CommandNetLib\CommandNetLib\CommandNetLib.csproj", "{A68EBDB1-5775-45D4-8C52-0EC3FEF291A2}"
EndProject
Project("{9A19103F-16F7-4668-BE54-9A1E7A4F7556}") = "Packets", "..\Packets\Packets\Packets.csproj", "{D6B5184B-9063-4E68-8E23-D939D6CC3F46}"
EndProject
Project("{9A19103F-16F7-4668-BE54-9A1E7A4F7556}") = "SharedModel", "..\SharedModel\SharedModel\SharedModel.csproj", "{5F89E60D-74B6-4E2B-9227-7406C9895830}"
EndProject
Global
	GlobalSection(SolutionConfigurationPlatforms) = preSolution
		Debug|Any CPU = Debug|Any CPU
		Release|Any CPU = Release|Any CPU
	EndGlobalSection
	GlobalSection(ProjectConfigurationPlatforms) = postSolution
		{16C04634-7E3D-459A-97E6-4149526E4765}.Debug|Any CPU.ActiveCfg = Debug|Any CPU
		{16C04634-7E3D-459A-97E6-4149526E4765}.Debug|Any CPU.Build.0 = Debug|Any CPU
		{16C04634-7E3D-459A-97E6-4149526E4765}.Release|Any CPU.ActiveCfg = Release|Any CPU
		{16C04634-7E3D-459A-97E6-4149526E4765}.Release|Any CPU.Build.0 = Release|Any CPU
		{A68EBDB1-5775-45D4-8C52-0EC3FEF291A2}.Debug|Any CPU.ActiveCfg = Debug|Any CPU
		{A68EBDB1-5775-45D4-8C52-0EC3FEF291A2}.Debug|Any CPU.Build.0 = Debug|Any CPU
		{A68EBDB1-5775-45D4-8C52-0EC3FEF291A2}.Release|Any CPU.ActiveCfg = Release|Any CPU
		{A68EBDB1-5775-45D4-8C52-0EC3FEF291A2}.Release|Any CPU.Build.0 = Release|Any CPU
		{D6B5184B-9063-4E68-8E23-D939D6CC3F46}.Debug|Any CPU.ActiveCfg = Debug|Any CPU
		{D6B5184B-9063-4E68-8E23-D939D6CC3F46}.Debug|Any CPU.Build.0 = Debug|Any CPU
		{D6B5184B-9063-4E68-8E23-D939D6CC3F46}.Release|Any CPU.ActiveCfg = Release|Any CPU
		{D6B5184B-9063-4E68-8E23-D939D6CC3F46}.Release|Any CPU.Build.0 = Release|Any CPU
		{5F89E60D-74B6-4E2B-9227-7406C9895830}.Debug|Any CPU.ActiveCfg = Debug|Any CPU
		{5F89E60D-74B6-4E2B-9227-7406C9895830}.Debug|Any CPU.Build.0 = Debug|Any CPU
		{5F89E60D-74B6-4E2B-9227-7406C9895830}.Release|Any CPU.ActiveCfg = Release|Any CPU
		{5F89E60D-74B6-4E2B-9227-7406C9895830}.Release|Any CPU.Build.0 = Release|Any CPU
	EndGlobalSection
	GlobalSection(SolutionProperties) = preSolution
		HideSolutionNode = FALSE
	EndGlobalSection
	GlobalSection(ExtensibilityGlobals) = postSolution
		SolutionGuid = {F8B2C686-62F3-42A8-8250-7B5F4104E25F}
	EndGlobalSection
EndGlobal
