
Microsoft Visual Studio Solution File, Format Version 12.00
# Visual Studio Version 17
VisualStudioVersion = 17.2.32616.157
MinimumVisualStudioVersion = 10.0.40219.1
Project("{9A19103F-16F7-4668-BE54-9A1E7A4F7556}") = "Packets", "Packets\Packets.csproj", "{203D7EF0-0CB1-4769-8468-2DF70F41DB7F}"
EndProject
Project("{9A19103F-16F7-4668-BE54-9A1E7A4F7556}") = "CommandNetLib", "..\CommandNetLib\CommandNetLib\CommandNetLib.csproj", "{0F9F3B8B-6C75-4090-AFA8-B5CCF6C51885}"
EndProject
Global
	GlobalSection(SolutionConfigurationPlatforms) = preSolution
		Debug|Any CPU = Debug|Any CPU
		Release|Any CPU = Release|Any CPU
	EndGlobalSection
	GlobalSection(ProjectConfigurationPlatforms) = postSolution
		{203D7EF0-0CB1-4769-8468-2DF70F41DB7F}.Debug|Any CPU.ActiveCfg = Debug|Any CPU
		{203D7EF0-0CB1-4769-8468-2DF70F41DB7F}.Debug|Any CPU.Build.0 = Debug|Any CPU
		{203D7EF0-0CB1-4769-8468-2DF70F41DB7F}.Release|Any CPU.ActiveCfg = Release|Any CPU
		{203D7EF0-0CB1-4769-8468-2DF70F41DB7F}.Release|Any CPU.Build.0 = Release|Any CPU
		{0F9F3B8B-6C75-4090-AFA8-B5CCF6C51885}.Debug|Any CPU.ActiveCfg = Debug|Any CPU
		{0F9F3B8B-6C75-4090-AFA8-B5CCF6C51885}.Debug|Any CPU.Build.0 = Debug|Any CPU
		{0F9F3B8B-6C75-4090-AFA8-B5CCF6C51885}.Release|Any CPU.ActiveCfg = Release|Any CPU
		{0F9F3B8B-6C75-4090-AFA8-B5CCF6C51885}.Release|Any CPU.Build.0 = Release|Any CPU
	EndGlobalSection
	GlobalSection(SolutionProperties) = preSolution
		HideSolutionNode = FALSE
	EndGlobalSection
	GlobalSection(ExtensibilityGlobals) = postSolution
		SolutionGuid = {C116D21C-E546-48CA-A356-8B2F35B34F33}
	EndGlobalSection
EndGlobal
